lockVersion: 2.0.0
id: 71130278-9949-4494-9710-a222f5c40474
management:
  docChecksum: b58aa22b520fd02d35640f920003ff1d
  docVersion: 1.0.1
  speakeasyVersion: internal
  generationVersion: 2.250.2
  releaseVersion: 0.10.0
  configChecksum: 8bde686a6c1fb4ec0b836c794a068d46
  repoURL: https://github.com/speakeasy-sdks/bolt-embedded-go.git
  repoSubDirectory: .
  installationURL: https://github.com/speakeasy-sdks/bolt-embedded-go
  published: true
features:
  go:
    core: 3.3.2
    globalSecurity: 2.82.6
    globalServerURLs: 2.82.1
    methodSecurity: 2.82.2
    unions: 2.85.2
generatedFiles:
  - account.go
  - transactions.go
  - oauth.go
  - payments.go
  - testing.go
  - boltembeddedapi.go
  - go.mod
  - go.sum
  - pkg/models/sdkerrors/sdkerror.go
  - pkg/types/bigint.go
  - pkg/types/date.go
  - pkg/types/datetime.go
  - pkg/types/decimal.go
  - pkg/types/pointers.go
  - pkg/utils/contenttype.go
  - pkg/utils/form.go
  - pkg/utils/headers.go
  - pkg/utils/json.go
  - pkg/utils/pathparams.go
  - pkg/utils/queryparams.go
  - pkg/utils/requestbody.go
  - pkg/utils/retries.go
  - pkg/utils/security.go
  - pkg/utils/utils.go
  - /pkg/models/operations/addaddress.go
  - /pkg/models/operations/addpaymentmethod.go
  - /pkg/models/operations/createaccount.go
  - /pkg/models/operations/deleteaddress.go
  - /pkg/models/operations/deletepaymentmethod.go
  - /pkg/models/operations/detectaccount.go
  - /pkg/models/operations/editaddress.go
  - /pkg/models/operations/getaccount.go
  - /pkg/models/operations/replaceaddress.go
  - /pkg/models/operations/updateaccountprofile.go
  - /pkg/models/operations/authorizetransaction.go
  - /pkg/models/operations/capturetransaction.go
  - /pkg/models/operations/gettransactiondetails.go
  - /pkg/models/operations/refundtransaction.go
  - /pkg/models/operations/updatetransaction.go
  - /pkg/models/operations/voidtransaction.go
  - /pkg/models/operations/oauthtoken.go
  - /pkg/models/operations/finalizepayment.go
  - /pkg/models/operations/initializepayment.go
  - /pkg/models/operations/createtestingshopperaccount.go
  - /pkg/models/operations/gettestcreditcardtoken.go
  - /pkg/models/shared/metadata.go
  - /pkg/models/shared/addressaccount.go
  - /pkg/models/shared/savedcreditcardview.go
  - /pkg/models/shared/cardnetwork.go
  - /pkg/models/shared/addressview.go
  - /pkg/models/shared/address.go
  - /pkg/models/shared/accountdetails.go
  - /pkg/models/shared/profileview.go
  - /pkg/models/shared/savedpaypalaccountview.go
  - /pkg/models/shared/createaccountinput.go
  - /pkg/models/shared/profile.go
  - /pkg/models/shared/paymentmethodaccount.go
  - /pkg/models/shared/requestresult.go
  - /pkg/models/shared/errorboltapi.go
  - /pkg/models/shared/v1accountsview.go
  - /pkg/models/shared/iauthorizeresultview.go
  - /pkg/models/shared/transactionview.go
  - /pkg/models/shared/transactiontype.go
  - /pkg/models/shared/creditcardview.go
  - /pkg/models/shared/cardtokentype.go
  - /pkg/models/shared/cardstatus.go
  - /pkg/models/shared/priority.go
  - /pkg/models/shared/carddisplaynetwork.go
  - /pkg/models/shared/consumerselfview.go
  - /pkg/models/shared/phoneview.go
  - /pkg/models/shared/emailview.go
  - /pkg/models/shared/loginview.go
  - /pkg/models/shared/transactionstatus.go
  - /pkg/models/shared/transactionsplitsview.go
  - /pkg/models/shared/amountview.go
  - /pkg/models/shared/riskmodelexternalresultview.go
  - /pkg/models/shared/reviewticketview.go
  - /pkg/models/shared/transactionprocessor.go
  - /pkg/models/shared/orderdecisiondetailsview.go
  - /pkg/models/shared/merchantdivisionsummaryview.go
  - /pkg/models/shared/merchantdivisionlogoview.go
  - /pkg/models/shared/transactionindemnificationreason.go
  - /pkg/models/shared/transactionindemnificationdecision.go
  - /pkg/models/shared/creditcardcreditview.go
  - /pkg/models/shared/creditcardcaptureview.go
  - /pkg/models/shared/capturestatus.go
  - /pkg/models/shared/creditcardauthorizationview.go
  - /pkg/models/shared/creditcardauthorizationstatus.go
  - /pkg/models/shared/creditcardauthorizationreason.go
  - /pkg/models/shared/merchantcreditcardauthorization.go
  - /pkg/models/shared/useridentity.go
  - /pkg/models/shared/useridentifier.go
  - /pkg/models/shared/creditcard.go
  - /pkg/models/shared/cartcreate.go
  - /pkg/models/shared/cartshipment.go
  - /pkg/models/shared/cartshipmenttype.go
  - /pkg/models/shared/cartloyaltyrewards.go
  - /pkg/models/shared/cartitem.go
  - /pkg/models/shared/cartitemproperty.go
  - /pkg/models/shared/icartitemexternalinputs.go
  - /pkg/models/shared/cartitemcustomization.go
  - /pkg/models/shared/instorecartshipment.go
  - /pkg/models/shared/cartdiscount.go
  - /pkg/models/shared/cartaddon.go
  - /pkg/models/shared/merchantcreditcardauthorizationrecharge.go
  - /pkg/models/shared/processinginitiator.go
  - /pkg/models/shared/capturetransactionwithreference.go
  - /pkg/models/shared/void.go
  - /pkg/models/shared/transactiontimelineview.go
  - /pkg/models/shared/transactionreviewview.go
  - /pkg/models/shared/riskmodelresultview.go
  - /pkg/models/shared/riskmodelresulcontributionview.go
  - /pkg/models/shared/consumersummaryview.go
  - /pkg/models/shared/addresschangeview.go
  - /pkg/models/shared/riskreviewstatus.go
  - /pkg/models/shared/riskinsightsyml.go
  - /pkg/models/shared/riskdecisionfactoryml.go
  - /pkg/models/shared/reviewticket.go
  - /pkg/models/shared/requeststatus.go
  - /pkg/models/shared/orderdecision.go
  - /pkg/models/shared/orderview.go
  - /pkg/models/shared/orderexternaldataview.go
  - /pkg/models/shared/iorderdynamiccontent.go
  - /pkg/models/shared/igiftoptionview.go
  - /pkg/models/shared/icustomfieldview.go
  - /pkg/models/shared/cartview.go
  - /pkg/models/shared/icartshipmentview.go
  - /pkg/models/shared/iweight.go
  - /pkg/models/shared/giftoptionview.go
  - /pkg/models/shared/idescriptiontooltip.go
  - /pkg/models/shared/idescriptionpart.go
  - /pkg/models/shared/icartitemview.go
  - /pkg/models/shared/subscription.go
  - /pkg/models/shared/instoreshipment2.go
  - /pkg/models/shared/instoreshipment.go
  - /pkg/models/shared/totalweight.go
  - /pkg/models/shared/amounts.go
  - /pkg/models/shared/consumerbillingaddress.go
  - /pkg/models/shared/packageweights.go
  - /pkg/models/shared/packagedimension.go
  - /pkg/models/shared/giftoptions.go
  - /pkg/models/shared/icartdiscountview.go
  - /pkg/models/shared/ifreeshippingdiscountview.go
  - /pkg/models/shared/icurrency.go
  - /pkg/models/shared/merchantdivision.go
  - /pkg/models/shared/merchantplatform.go
  - /pkg/models/shared/merchantlogo.go
  - /pkg/models/shared/webhookstype.go
  - /pkg/models/shared/merchant.go
  - /pkg/models/shared/merchantstatus.go
  - /pkg/models/shared/transactionoperationalprocessor.go
  - /pkg/models/shared/transactionprocessorstatus.go
  - /pkg/models/shared/merchantonboardingstatuscode.go
  - /pkg/models/shared/manualdisputes.go
  - /pkg/models/shared/consumerusermembership.go
  - /pkg/models/shared/consumermembershipstatus.go
  - /pkg/models/shared/creditcarduser.go
  - /pkg/models/shared/phoneswithcountrycode.go
  - /pkg/models/shared/phonestatus.go
  - /pkg/models/shared/phonepriority.go
  - /pkg/models/shared/emails.go
  - /pkg/models/shared/emailstatus.go
  - /pkg/models/shared/emailpriority.go
  - /pkg/models/shared/customerliststatus.go
  - /pkg/models/shared/customfields.go
  - /pkg/models/shared/credit.go
  - /pkg/models/shared/chargebackdetails.go
  - /pkg/models/shared/chargebackrepresentmentresult.go
  - /pkg/models/shared/chargebackreasoncode.go
  - /pkg/models/shared/chargebackeventview.go
  - /pkg/models/shared/capture.go
  - /pkg/models/shared/authorizationverificationstatus.go
  - /pkg/models/shared/addresschangerequestmetadataview.go
  - /pkg/models/shared/creditcardvoid.go
  - /pkg/models/shared/oauthtokenresponse.go
  - /pkg/models/shared/oauthtokeninput.go
  - /pkg/models/shared/oauthtokeninputrefresh.go
  - /pkg/models/shared/onev11testing1shopper1createpostrequestbodycontentapplication1jsonschemapropertiesemailstate.go
  - /pkg/models/shared/security.go
  - /pkg/models/sdkerrors/errorsboltapiresponse.go
  - /pkg/models/sdkerrors/capturetransaction.go
  - /pkg/models/sdkerrors/errorsoauthserverresponse.go
  - docs/pkg/models/operations/addaddresssecurity.md
  - docs/pkg/models/operations/addaddressrequest.md
  - docs/pkg/models/operations/addaddressresponsebody.md
  - docs/pkg/models/operations/addaddressresponse.md
  - docs/pkg/models/operations/addpaymentmethodsecurity.md
  - docs/pkg/models/operations/network.md
  - docs/pkg/models/operations/priority.md
  - docs/pkg/models/operations/tokentype.md
  - docs/pkg/models/operations/addpaymentmethodrequestbody.md
  - docs/pkg/models/operations/addpaymentmethodrequest.md
  - docs/pkg/models/operations/addpaymentmethodresponse.md
  - docs/pkg/models/operations/createaccountsecurity.md
  - docs/pkg/models/operations/createaccountrequest.md
  - docs/pkg/models/operations/createaccountresponse.md
  - docs/pkg/models/operations/deleteaddresssecurity.md
  - docs/pkg/models/operations/deleteaddressrequest.md
  - docs/pkg/models/operations/deleteaddressresponse.md
  - docs/pkg/models/operations/deletepaymentmethodsecurity.md
  - docs/pkg/models/operations/deletepaymentmethodrequest.md
  - docs/pkg/models/operations/deletepaymentmethodresponse.md
  - docs/pkg/models/operations/detectaccountrequest.md
  - docs/pkg/models/operations/detectaccountresponse.md
  - docs/pkg/models/operations/editaddresssecurity.md
  - docs/pkg/models/operations/editaddressrequest.md
  - docs/pkg/models/operations/editaddressresponsebody.md
  - docs/pkg/models/operations/editaddressresponse.md
  - docs/pkg/models/operations/getaccountsecurity.md
  - docs/pkg/models/operations/getaccountrequest.md
  - docs/pkg/models/operations/getaccountresponse.md
  - docs/pkg/models/operations/replaceaddresssecurity.md
  - docs/pkg/models/operations/replaceaddressrequest.md
  - docs/pkg/models/operations/replaceaddressresponsebody.md
  - docs/pkg/models/operations/replaceaddressresponse.md
  - docs/pkg/models/operations/updateaccountprofilesecurity.md
  - docs/pkg/models/operations/updateaccountprofilerequestbody.md
  - docs/pkg/models/operations/updateaccountprofilerequest.md
  - docs/pkg/models/operations/updateaccountprofileresponse.md
  - docs/pkg/models/operations/authorizetransactionsecurity.md
  - docs/pkg/models/operations/authorizetransactionrequestbody.md
  - docs/pkg/models/operations/authorizetransactionrequest.md
  - docs/pkg/models/operations/authorizetransactionresponse.md
  - docs/pkg/models/operations/capturetransactionsecurity.md
  - docs/pkg/models/operations/capturetransactionrequest.md
  - docs/pkg/models/operations/capturetransactionresponse.md
  - docs/pkg/models/operations/gettransactiondetailssecurity.md
  - docs/pkg/models/operations/gettransactiondetailsrequest.md
  - docs/pkg/models/operations/gettransactiondetailstype.md
  - docs/pkg/models/operations/splits.md
  - docs/pkg/models/operations/authrejectiondetails.md
  - docs/pkg/models/operations/transactionrejectiondetails.md
  - docs/pkg/models/operations/gettransactiondetailsresponsebody.md
  - docs/pkg/models/operations/gettransactiondetailsresponse.md
  - docs/pkg/models/operations/refundtransactionsecurity.md
  - docs/pkg/models/operations/refundtransactionrequestbody.md
  - docs/pkg/models/operations/refundtransactionrequest.md
  - docs/pkg/models/operations/refundtransactionresponse.md
  - docs/pkg/models/operations/updatetransactionsecurity.md
  - docs/pkg/models/operations/updatetransactionrequestbody.md
  - docs/pkg/models/operations/updatetransactionrequest.md
  - docs/pkg/models/operations/updatetransactiontype.md
  - docs/pkg/models/operations/updatetransactionsplits.md
  - docs/pkg/models/operations/updatetransactionauthrejectiondetails.md
  - docs/pkg/models/operations/updatetransactiontransactionrejectiondetails.md
  - docs/pkg/models/operations/updatetransactionresponsebody.md
  - docs/pkg/models/operations/updatetransactionresponse.md
  - docs/pkg/models/operations/voidtransactionsecurity.md
  - docs/pkg/models/operations/voidtransactionrequest.md
  - docs/pkg/models/operations/voidtransactionresponse.md
  - docs/pkg/models/operations/oauthtokenrequestbody.md
  - docs/pkg/models/operations/oauthtokenrequest.md
  - docs/pkg/models/operations/oauthtokenresponse.md
  - docs/pkg/models/operations/finalizepaymentsecurity.md
  - docs/pkg/models/operations/shopperidentity.md
  - docs/pkg/models/operations/finalizepaymentrequestbody.md
  - docs/pkg/models/operations/finalizepaymentrequest.md
  - docs/pkg/models/operations/paypal.md
  - docs/pkg/models/operations/finalizepaymentstatus.md
  - docs/pkg/models/operations/transaction.md
  - docs/pkg/models/operations/finalizepaymentresponsebody.md
  - docs/pkg/models/operations/finalizepaymentresponse.md
  - docs/pkg/models/operations/initializepaymentsecurity.md
  - docs/pkg/models/operations/savedpaymentinputinitializepaymentdata.md
  - docs/pkg/models/operations/savedpaymentinputinitializetype.md
  - docs/pkg/models/operations/savedpaymentinputinitializepaymentmethod.md
  - docs/pkg/models/operations/savedpaymentinputinitializeshopperidentity.md
  - docs/pkg/models/operations/savedpaymentinputinitializeschemas.md
  - docs/pkg/models/operations/paymentdata.md
  - docs/pkg/models/operations/type.md
  - docs/pkg/models/operations/paymentmethod.md
  - docs/pkg/models/operations/paypalpaymentinputinitializeshopperidentity.md
  - docs/pkg/models/operations/schemas.md
  - docs/pkg/models/operations/initializepaymentrequestbody.md
  - docs/pkg/models/operations/initializepaymentrequest.md
  - docs/pkg/models/operations/savedpaymentviewaction.md
  - docs/pkg/models/operations/savedpaymentviewstatus.md
  - docs/pkg/models/operations/savedpaymentviewschemas.md
  - docs/pkg/models/operations/action.md
  - docs/pkg/models/operations/status.md
  - docs/pkg/models/operations/paypalpaymentviewschemas.md
  - docs/pkg/models/operations/initializepaymentresponsebody.md
  - docs/pkg/models/operations/initializepaymentresponse.md
  - docs/pkg/models/operations/updatepaymentsecurity.md
  - docs/pkg/models/operations/savedpaymentinputupdatepaymentdata.md
  - docs/pkg/models/operations/savedpaymentinputupdatetype.md
  - docs/pkg/models/operations/savedpaymentinputupdatepaymentmethod.md
  - docs/pkg/models/operations/savedpaymentinputupdateshopperidentity.md
  - docs/pkg/models/operations/savedpaymentinputupdateschemas.md
  - docs/pkg/models/operations/paypalpaymentinputupdatepaymentdata.md
  - docs/pkg/models/operations/paypalpaymentinputupdatetype.md
  - docs/pkg/models/operations/paypalpaymentinputupdatepaymentmethod.md
  - docs/pkg/models/operations/paypalpaymentinputupdateshopperidentity.md
  - docs/pkg/models/operations/paypalpaymentinputupdateschemas.md
  - docs/pkg/models/operations/updatepaymentrequestbody.md
  - docs/pkg/models/operations/updatepaymentrequest.md
  - docs/pkg/models/operations/updatepaymentresponsebody.md
  - docs/pkg/models/operations/updatepaymentresponse.md
  - docs/pkg/models/operations/createtestingshopperaccountsecurity.md
  - docs/pkg/models/operations/emailstate.md
  - docs/pkg/models/operations/createtestingshopperaccountrequestbody.md
  - docs/pkg/models/operations/createtestingshopperaccountrequest.md
  - docs/pkg/models/operations/createtestingshopperaccountresponsebody.md
  - docs/pkg/models/operations/createtestingshopperaccountresponse.md
  - docs/pkg/models/operations/gettestcreditcardtokensecurity.md
  - docs/pkg/models/operations/gettestcreditcardtokenresponsebody.md
  - docs/pkg/models/operations/gettestcreditcardtokenresponse.md
  - docs/pkg/models/shared/metadata.md
  - docs/pkg/models/shared/addressaccount.md
  - docs/pkg/models/shared/savedcreditcardviewtype.md
  - docs/pkg/models/shared/savedcreditcardview.md
  - docs/pkg/models/shared/cardnetwork.md
  - docs/pkg/models/shared/addressview.md
  - docs/pkg/models/shared/address.md
  - docs/pkg/models/shared/addresses.md
  - docs/pkg/models/shared/paymentmethods.md
  - docs/pkg/models/shared/accountdetails.md
  - docs/pkg/models/shared/profileview.md
  - docs/pkg/models/shared/savedpaypalaccountviewtype.md
  - docs/pkg/models/shared/savedpaypalaccountview.md
  - docs/pkg/models/shared/createaccountinput.md
  - docs/pkg/models/shared/profilemetadata.md
  - docs/pkg/models/shared/profile.md
  - docs/pkg/models/shared/network.md
  - docs/pkg/models/shared/paymentmethodaccountpriority.md
  - docs/pkg/models/shared/paymentmethodaccounttokentype.md
  - docs/pkg/models/shared/paymentmethodaccount.md
  - docs/pkg/models/shared/requestresult.md
  - docs/pkg/models/shared/errorboltapi.md
  - docs/pkg/models/shared/v1accountsview.md
  - docs/pkg/models/shared/iauthorizeresultview.md
  - docs/pkg/models/shared/transactionviewtype.md
  - docs/pkg/models/shared/transactionviewsplits.md
  - docs/pkg/models/shared/transactionviewcapture.md
  - docs/pkg/models/shared/transactionviewriskreviewstatus.md
  - docs/pkg/models/shared/viewstatus.md
  - docs/pkg/models/shared/transactionviewcause.md
  - docs/pkg/models/shared/transactionviewstatus.md
  - docs/pkg/models/shared/transactionviewvoid.md
  - docs/pkg/models/shared/transactionview.md
  - docs/pkg/models/shared/transactiontype.md
  - docs/pkg/models/shared/creditcardview.md
  - docs/pkg/models/shared/cardtokentype.md
  - docs/pkg/models/shared/cardstatus.md
  - docs/pkg/models/shared/priority.md
  - docs/pkg/models/shared/carddisplaynetwork.md
  - docs/pkg/models/shared/platformaccountstatus.md
  - docs/pkg/models/shared/consumerselfview.md
  - docs/pkg/models/shared/phoneviewpriority.md
  - docs/pkg/models/shared/phoneview.md
  - docs/pkg/models/shared/emailview.md
  - docs/pkg/models/shared/actions.md
  - docs/pkg/models/shared/methods.md
  - docs/pkg/models/shared/loginview.md
  - docs/pkg/models/shared/transactionstatus.md
  - docs/pkg/models/shared/transactionsplitsviewtype.md
  - docs/pkg/models/shared/transactionsplitsview.md
  - docs/pkg/models/shared/amountview.md
  - docs/pkg/models/shared/riskmodelexternalresultview.md
  - docs/pkg/models/shared/reviewticketview.md
  - docs/pkg/models/shared/transactionprocessor.md
  - docs/pkg/models/shared/orderdecisiondetailsview.md
  - docs/pkg/models/shared/hooktype.md
  - docs/pkg/models/shared/merchantdivisionsummaryview.md
  - docs/pkg/models/shared/merchantdivisionlogoview.md
  - docs/pkg/models/shared/transactionindemnificationreason.md
  - docs/pkg/models/shared/transactionindemnificationdecision.md
  - docs/pkg/models/shared/creditcardcreditviewstatus.md
  - docs/pkg/models/shared/creditcardcreditview.md
  - docs/pkg/models/shared/creditcardcaptureview.md
  - docs/pkg/models/shared/capturestatus.md
  - docs/pkg/models/shared/avsresponse.md
  - docs/pkg/models/shared/cvvresponse.md
  - docs/pkg/models/shared/processor.md
  - docs/pkg/models/shared/creditcardauthorizationview.md
  - docs/pkg/models/shared/creditcardauthorizationstatus.md
  - docs/pkg/models/shared/creditcardauthorizationreason.md
  - docs/pkg/models/shared/merchantcreditcardauthorizationprocessinginitiator.md
  - docs/pkg/models/shared/source.md
  - docs/pkg/models/shared/merchantcreditcardauthorization.md
  - docs/pkg/models/shared/useridentity.md
  - docs/pkg/models/shared/useridentifier.md
  - docs/pkg/models/shared/creditcardpriority.md
  - docs/pkg/models/shared/tokentype.md
  - docs/pkg/models/shared/creditcard.md
  - docs/pkg/models/shared/fees.md
  - docs/pkg/models/shared/digitaldelivery.md
  - docs/pkg/models/shared/cartcreatetype.md
  - docs/pkg/models/shared/fulfillments.md
  - docs/pkg/models/shared/cartcreate.md
  - docs/pkg/models/shared/cartshipment.md
  - docs/pkg/models/shared/cartshipmenttype.md
  - docs/pkg/models/shared/cartloyaltyrewards.md
  - docs/pkg/models/shared/giftoption.md
  - docs/pkg/models/shared/shipmenttype.md
  - docs/pkg/models/shared/cartitemtype.md
  - docs/pkg/models/shared/cartitem.md
  - docs/pkg/models/shared/cartitemproperty.md
  - docs/pkg/models/shared/icartitemexternalinputs.md
  - docs/pkg/models/shared/cartitemcustomization.md
  - docs/pkg/models/shared/distanceunit.md
  - docs/pkg/models/shared/instorecartshipment.md
  - docs/pkg/models/shared/discountcategory.md
  - docs/pkg/models/shared/type.md
  - docs/pkg/models/shared/cartdiscount.md
  - docs/pkg/models/shared/cartaddon.md
  - docs/pkg/models/shared/merchantcreditcardauthorizationrechargesource.md
  - docs/pkg/models/shared/merchantcreditcardauthorizationrecharge.md
  - docs/pkg/models/shared/processinginitiator.md
  - docs/pkg/models/shared/capturetransactionwithreference.md
  - docs/pkg/models/shared/cause.md
  - docs/pkg/models/shared/status.md
  - docs/pkg/models/shared/void.md
  - docs/pkg/models/shared/transactiontimelineviewtype.md
  - docs/pkg/models/shared/transactiontimelineview.md
  - docs/pkg/models/shared/transactionreviewview.md
  - docs/pkg/models/shared/riskmodelresultview.md
  - docs/pkg/models/shared/riskmodelresulcontributionview.md
  - docs/pkg/models/shared/consumersummaryview.md
  - docs/pkg/models/shared/addresschangeview.md
  - docs/pkg/models/shared/riskreviewstatus.md
  - docs/pkg/models/shared/riskinsightsyml.md
  - docs/pkg/models/shared/riskdecisionfactoryml.md
  - docs/pkg/models/shared/reviewticket.md
  - docs/pkg/models/shared/requeststatus.md
  - docs/pkg/models/shared/orderdecision.md
  - docs/pkg/models/shared/orderview.md
  - docs/pkg/models/shared/orderexternaldataview.md
  - docs/pkg/models/shared/transactionprocessortype.md
  - docs/pkg/models/shared/eligiblepaymentmethods.md
  - docs/pkg/models/shared/hideapm.md
  - docs/pkg/models/shared/iorderdynamiccontent.md
  - docs/pkg/models/shared/igiftoptionview.md
  - docs/pkg/models/shared/checkoutstep.md
  - docs/pkg/models/shared/icustomfieldview.md
  - docs/pkg/models/shared/cartviewfulfillments.md
  - docs/pkg/models/shared/loyaltyrewards.md
  - docs/pkg/models/shared/cartview.md
  - docs/pkg/models/shared/icartshipmentviewpackagedimension.md
  - docs/pkg/models/shared/icartshipmentview.md
  - docs/pkg/models/shared/iweight.md
  - docs/pkg/models/shared/giftoptionview.md
  - docs/pkg/models/shared/idescriptiontooltip.md
  - docs/pkg/models/shared/idescriptionpart.md
  - docs/pkg/models/shared/properties.md
  - docs/pkg/models/shared/icartitemviewshipmenttype.md
  - docs/pkg/models/shared/icartitemviewtype.md
  - docs/pkg/models/shared/icartitemview.md
  - docs/pkg/models/shared/unit.md
  - docs/pkg/models/shared/frequency.md
  - docs/pkg/models/shared/subscription.md
  - docs/pkg/models/shared/instoreshipment2distanceunit.md
  - docs/pkg/models/shared/instoreshipment2.md
  - docs/pkg/models/shared/instoreshipment.md
  - docs/pkg/models/shared/totalweight.md
  - docs/pkg/models/shared/amounts.md
  - docs/pkg/models/shared/consumerbillingaddress.md
  - docs/pkg/models/shared/packageweights.md
  - docs/pkg/models/shared/packagedimension.md
  - docs/pkg/models/shared/giftoptions.md
  - docs/pkg/models/shared/icartdiscountviewdiscountcategory.md
  - docs/pkg/models/shared/icartdiscountview.md
  - docs/pkg/models/shared/ifreeshippingdiscountview.md
  - docs/pkg/models/shared/icurrency.md
  - docs/pkg/models/shared/merchantdivision.md
  - docs/pkg/models/shared/merchantplatform.md
  - docs/pkg/models/shared/merchantlogo.md
  - docs/pkg/models/shared/webhookstype.md
  - docs/pkg/models/shared/merchant.md
  - docs/pkg/models/shared/merchantstatus.md
  - docs/pkg/models/shared/transactionoperationalprocessor.md
  - docs/pkg/models/shared/transactionprocessorstatus.md
  - docs/pkg/models/shared/merchantonboardingstatuscode.md
  - docs/pkg/models/shared/manualdisputesstatus.md
  - docs/pkg/models/shared/manualdisputes.md
  - docs/pkg/models/shared/consumerusermembership.md
  - docs/pkg/models/shared/consumermembershipstatus.md
  - docs/pkg/models/shared/creditcarduser.md
  - docs/pkg/models/shared/phoneswithcountrycode.md
  - docs/pkg/models/shared/phonestatus.md
  - docs/pkg/models/shared/phonepriority.md
  - docs/pkg/models/shared/emails.md
  - docs/pkg/models/shared/emailstatus.md
  - docs/pkg/models/shared/emailpriority.md
  - docs/pkg/models/shared/customerliststatus.md
  - docs/pkg/models/shared/checkoutsetup.md
  - docs/pkg/models/shared/customfields.md
  - docs/pkg/models/shared/credit.md
  - docs/pkg/models/shared/chargebackdetails.md
  - docs/pkg/models/shared/chargebackrepresentmentresult.md
  - docs/pkg/models/shared/chargebackreasoncode.md
  - docs/pkg/models/shared/chargebackeventview.md
  - docs/pkg/models/shared/capturetype.md
  - docs/pkg/models/shared/splits.md
  - docs/pkg/models/shared/capture.md
  - docs/pkg/models/shared/authorizationverificationstatus.md
  - docs/pkg/models/shared/addresschangerequestmetadataview.md
  - docs/pkg/models/shared/creditcardvoid.md
  - docs/pkg/models/shared/oauthtokenresponse.md
  - docs/pkg/models/shared/granttype.md
  - docs/pkg/models/shared/scope.md
  - docs/pkg/models/shared/oauthtokeninput.md
  - docs/pkg/models/shared/oauthtokeninputrefreshgranttype.md
  - docs/pkg/models/shared/oauthtokeninputrefresh.md
  - docs/pkg/models/shared/onev11testing1shopper1createpostrequestbodycontentapplication1jsonschemapropertiesemailstate.md
  - docs/pkg/models/shared/security.md
  - docs/pkg/models/sdkerrors/errorsboltapiresponse.md
  - docs/pkg/models/sdkerrors/errors.md
  - docs/pkg/models/sdkerrors/result.md
  - docs/pkg/models/sdkerrors/capturetransactionresponsebody.md
  - docs/pkg/models/sdkerrors/errorsoauthserverresponse.md
  - docs/sdks/boltembeddedapi/README.md
  - docs/sdks/account/README.md
  - docs/sdks/transactions/README.md
  - docs/sdks/oauth/README.md
  - docs/sdks/payments/README.md
  - docs/sdks/testing/README.md
  - USAGE.md
  - .gitattributes
